// !$*UTF8*$!
{
	archiveVersion = 1;
	classes = {
	};
	objectVersion = 77;
	objects = {

/* Begin PBXBuildFile section */
		13F48A1926D584294516EEE0 /* SidebarView.swift in Sources */ = {isa = PBXBuildFile; fileRef = E3C9945227E19D94B300923C /* SidebarView.swift */; };
		15125B060EAC0C268F273761 /* ProjectsView.swift in Sources */ = {isa = PBXBuildFile; fileRef = A857D151061C711E9B9957C8 /* ProjectsView.swift */; };
		2D5BD33951D0A7FF662C0A3F /* IndexHtmlGenerator.swift in Sources */ = {isa = PBXBuildFile; fileRef = A80FCBDC9C1ECDDA55886B5A /* IndexHtmlGenerator.swift */; };
		32E92AFC106BE6E110B3B5BA /* HistoryEntry.swift in Sources */ = {isa = PBXBuildFile; fileRef = 6014F6E3BFFA0FEA826D475F /* HistoryEntry.swift */; };
		34B729A68FBC01A63C15F608 /* KeynoteDeployerApp.swift in Sources */ = {isa = PBXBuildFile; fileRef = F4F9F98F1120CAF61D82D80B /* KeynoteDeployerApp.swift */; };
		46171C654C9CF229C03D7615 /* VercelProject.swift in Sources */ = {isa = PBXBuildFile; fileRef = 23F61A6BE61C1CDC6237ADF6 /* VercelProject.swift */; };
		483D3CC267D95282088F9309 /* AppSettings.swift in Sources */ = {isa = PBXBuildFile; fileRef = 28C5E49D1314790083692357 /* AppSettings.swift */; };
		492021F2C6BA53DA82ADF360 /* VercelDeployer.swift in Sources */ = {isa = PBXBuildFile; fileRef = 282B4D114C60E28D56418FAE /* VercelDeployer.swift */; };
		4B8F2669D064C5BD83CA4387 /* PipelineResult.swift in Sources */ = {isa = PBXBuildFile; fileRef = 17821C750B379235D1F37C5E /* PipelineResult.swift */; };
		4C00428279F6EAE4F1216066 /* Sparkle in Frameworks */ = {isa = PBXBuildFile; productRef = DF36B5B1F47AEAEE2E972A00 /* Sparkle */; };
		53C52E6F5AC05C366512AD08 /* NavigationTab.swift in Sources */ = {isa = PBXBuildFile; fileRef = 91B38AC4D9349306424DE153 /* NavigationTab.swift */; };
		54EA0EA3D9BD76F228023924 /* SettingsView.swift in Sources */ = {isa = PBXBuildFile; fileRef = 4A3AD033AAD0411C7CA1B6CD /* SettingsView.swift */; };
		68FCF5155F11F63CBB34761F /* DeploymentVerifier.swift in Sources */ = {isa = PBXBuildFile; fileRef = 25181D8CAB9909769D352295 /* DeploymentVerifier.swift */; };
		70CBE64B6030B4BAC00B9F32 /* FileOperations.swift in Sources */ = {isa = PBXBuildFile; fileRef = 082147F09FC716A0BEAD8B15 /* FileOperations.swift */; };
		7DAEEC6461E2EA43B6189CBE /* UpdaterService.swift in Sources */ = {isa = PBXBuildFile; fileRef = 1C1AE82499CE26C6968F8AA7 /* UpdaterService.swift */; };
		7EE6E590CE33B1217355E8BE /* ProcessingStep.swift in Sources */ = {isa = PBXBuildFile; fileRef = 6E9CE1B85FB4D719BE7B0EC8 /* ProcessingStep.swift */; };
		84AF2E114BF9B992367626D4 /* DeployView.swift in Sources */ = {isa = PBXBuildFile; fileRef = F23DFAEC2277359D2ECF9D69 /* DeployView.swift */; };
		84C92D6C1E3FBCD22171220F /* ContentView.swift in Sources */ = {isa = PBXBuildFile; fileRef = 748C27488D67FC5F775B7ABB /* ContentView.swift */; };
		9467E10D5FA4765BE26819DF /* DeployProgressView.swift in Sources */ = {isa = PBXBuildFile; fileRef = 252E013E7FB809AC24354D6C /* DeployProgressView.swift */; };
		A230A93A825F8EF3B09C1AE8 /* VercelAPI.swift in Sources */ = {isa = PBXBuildFile; fileRef = 17A85902F080898C86352154 /* VercelAPI.swift */; };
		BE71A16FFD585CD12AD762B1 /* KeynoteMetadata.swift in Sources */ = {isa = PBXBuildFile; fileRef = CE7E2BD93E4F1F90654BA3E7 /* KeynoteMetadata.swift */; };
		C4E54C86FF711C684113EACE /* HistoryView.swift in Sources */ = {isa = PBXBuildFile; fileRef = B55FB9E316B645CFD0C08B4F /* HistoryView.swift */; };
		EA8F1C902A8D2AD7D8A93A30 /* AppConfig.swift in Sources */ = {isa = PBXBuildFile; fileRef = 390DDF13A88F1C59BE62D165 /* AppConfig.swift */; };
		F83478250D2F6D1FD03CE852 /* KeynoteProcessor.swift in Sources */ = {isa = PBXBuildFile; fileRef = 987B91A81602E8E224604358 /* KeynoteProcessor.swift */; };
/* End PBXBuildFile section */

/* Begin PBXFileReference section */
		082147F09FC716A0BEAD8B15 /* FileOperations.swift */ = {isa = PBXFileReference; lastKnownFileType = sourcecode.swift; path = FileOperations.swift; sourceTree = "<group>"; };
		17821C750B379235D1F37C5E /* PipelineResult.swift */ = {isa = PBXFileReference; lastKnownFileType = sourcecode.swift; path = PipelineResult.swift; sourceTree = "<group>"; };
		17A85902F080898C86352154 /* VercelAPI.swift */ = {isa = PBXFileReference; lastKnownFileType = sourcecode.swift; path = VercelAPI.swift; sourceTree = "<group>"; };
		1C1AE82499CE26C6968F8AA7 /* UpdaterService.swift */ = {isa = PBXFileReference; lastKnownFileType = sourcecode.swift; path = UpdaterService.swift; sourceTree = "<group>"; };
		23F61A6BE61C1CDC6237ADF6 /* VercelProject.swift */ = {isa = PBXFileReference; lastKnownFileType = sourcecode.swift; path = VercelProject.swift; sourceTree = "<group>"; };
		25181D8CAB9909769D352295 /* DeploymentVerifier.swift */ = {isa = PBXFileReference; lastKnownFileType = sourcecode.swift; path = DeploymentVerifier.swift; sourceTree = "<group>"; };
		252E013E7FB809AC24354D6C /* DeployProgressView.swift */ = {isa = PBXFileReference; lastKnownFileType = sourcecode.swift; path = DeployProgressView.swift; sourceTree = "<group>"; };
		282B4D114C60E28D56418FAE /* VercelDeployer.swift */ = {isa = PBXFileReference; lastKnownFileType = sourcecode.swift; path = VercelDeployer.swift; sourceTree = "<group>"; };
		28C5E49D1314790083692357 /* AppSettings.swift */ = {isa = PBXFileReference; lastKnownFileType = sourcecode.swift; path = AppSettings.swift; sourceTree = "<group>"; };
		390DDF13A88F1C59BE62D165 /* AppConfig.swift */ = {isa = PBXFileReference; lastKnownFileType = sourcecode.swift; path = AppConfig.swift; sourceTree = "<group>"; };
		4A3AD033AAD0411C7CA1B6CD /* SettingsView.swift */ = {isa = PBXFileReference; lastKnownFileType = sourcecode.swift; path = SettingsView.swift; sourceTree = "<group>"; };
		6014F6E3BFFA0FEA826D475F /* HistoryEntry.swift */ = {isa = PBXFileReference; lastKnownFileType = sourcecode.swift; path = HistoryEntry.swift; sourceTree = "<group>"; };
		643B10849DA333A7037B54A5 /* KeynoteDeployer.app */ = {isa = PBXFileReference; explicitFileType = wrapper.application; includeInIndex = 0; path = KeynoteDeployer.app; sourceTree = BUILT_PRODUCTS_DIR; };
		6E9CE1B85FB4D719BE7B0EC8 /* ProcessingStep.swift */ = {isa = PBXFileReference; lastKnownFileType = sourcecode.swift; path = ProcessingStep.swift; sourceTree = "<group>"; };
		748C27488D67FC5F775B7ABB /* ContentView.swift */ = {isa = PBXFileReference; lastKnownFileType = sourcecode.swift; path = ContentView.swift; sourceTree = "<group>"; };
		91B38AC4D9349306424DE153 /* NavigationTab.swift */ = {isa = PBXFileReference; lastKnownFileType = sourcecode.swift; path = NavigationTab.swift; sourceTree = "<group>"; };
		987B91A81602E8E224604358 /* KeynoteProcessor.swift */ = {isa = PBXFileReference; lastKnownFileType = sourcecode.swift; path = KeynoteProcessor.swift; sourceTree = "<group>"; };
		A80FCBDC9C1ECDDA55886B5A /* IndexHtmlGenerator.swift */ = {isa = PBXFileReference; lastKnownFileType = sourcecode.swift; path = IndexHtmlGenerator.swift; sourceTree = "<group>"; };
		A857D151061C711E9B9957C8 /* ProjectsView.swift */ = {isa = PBXFileReference; lastKnownFileType = sourcecode.swift; path = ProjectsView.swift; sourceTree = "<group>"; };
		B55FB9E316B645CFD0C08B4F /* HistoryView.swift */ = {isa = PBXFileReference; lastKnownFileType = sourcecode.swift; path = HistoryView.swift; sourceTree = "<group>"; };
		CE7E2BD93E4F1F90654BA3E7 /* KeynoteMetadata.swift */ = {isa = PBXFileReference; lastKnownFileType = sourcecode.swift; path = KeynoteMetadata.swift; sourceTree = "<group>"; };
		E3C9945227E19D94B300923C /* SidebarView.swift */ = {isa = PBXFileReference; lastKnownFileType = sourcecode.swift; path = SidebarView.swift; sourceTree = "<group>"; };
		F23DFAEC2277359D2ECF9D69 /* DeployView.swift */ = {isa = PBXFileReference; lastKnownFileType = sourcecode.swift; path = DeployView.swift; sourceTree = "<group>"; };
		F4F9F98F1120CAF61D82D80B /* KeynoteDeployerApp.swift */ = {isa = PBXFileReference; lastKnownFileType = sourcecode.swift; path = KeynoteDeployerApp.swift; sourceTree = "<group>"; };
/* End PBXFileReference section */

/* Begin PBXFrameworksBuildPhase section */
		711AF864EE7C11D78482A579 /* Frameworks */ = {
			isa = PBXFrameworksBuildPhase;
			buildActionMask = 2147483647;
			files = (
				4C00428279F6EAE4F1216066 /* Sparkle in Frameworks */,
			);
			runOnlyForDeploymentPostprocessing = 0;
		};
/* End PBXFrameworksBuildPhase section */

/* Begin PBXGroup section */
		01C679620FE08A5704268729 /* Services */ = {
			isa = PBXGroup;
			children = (
				25181D8CAB9909769D352295 /* DeploymentVerifier.swift */,
				082147F09FC716A0BEAD8B15 /* FileOperations.swift */,
				A80FCBDC9C1ECDDA55886B5A /* IndexHtmlGenerator.swift */,
				987B91A81602E8E224604358 /* KeynoteProcessor.swift */,
				1C1AE82499CE26C6968F8AA7 /* UpdaterService.swift */,
				17A85902F080898C86352154 /* VercelAPI.swift */,
				282B4D114C60E28D56418FAE /* VercelDeployer.swift */,
			);
			path = Services;
			sourceTree = "<group>";
		};
		043224CFEB6D8A5788700196 /* Products */ = {
			isa = PBXGroup;
			children = (
				643B10849DA333A7037B54A5 /* KeynoteDeployer.app */,
			);
			name = Products;
			sourceTree = "<group>";
		};
		403E53FCE746D53A87F8756C /* Views */ = {
			isa = PBXGroup;
			children = (
				748C27488D67FC5F775B7ABB /* ContentView.swift */,
				252E013E7FB809AC24354D6C /* DeployProgressView.swift */,
				F23DFAEC2277359D2ECF9D69 /* DeployView.swift */,
				B55FB9E316B645CFD0C08B4F /* HistoryView.swift */,
				A857D151061C711E9B9957C8 /* ProjectsView.swift */,
				4A3AD033AAD0411C7CA1B6CD /* SettingsView.swift */,
				E3C9945227E19D94B300923C /* SidebarView.swift */,
			);
			path = Views;
			sourceTree = "<group>";
		};
		7105A5427370184AA6743664 /* Models */ = {
			isa = PBXGroup;
			children = (
				28C5E49D1314790083692357 /* AppSettings.swift */,
				6014F6E3BFFA0FEA826D475F /* HistoryEntry.swift */,
				CE7E2BD93E4F1F90654BA3E7 /* KeynoteMetadata.swift */,
				91B38AC4D9349306424DE153 /* NavigationTab.swift */,
				17821C750B379235D1F37C5E /* PipelineResult.swift */,
				6E9CE1B85FB4D719BE7B0EC8 /* ProcessingStep.swift */,
				23F61A6BE61C1CDC6237ADF6 /* VercelProject.swift */,
			);
			path = Models;
			sourceTree = "<group>";
		};
		8B1ECA0656CE3BA8B9E216CF /* Sources */ = {
			isa = PBXGroup;
			children = (
				F6CE63646D32F7965E61F662 /* App */,
				F86DB4CB5385252AA5F74EBF /* Config */,
				7105A5427370184AA6743664 /* Models */,
				01C679620FE08A5704268729 /* Services */,
				403E53FCE746D53A87F8756C /* Views */,
			);
			path = Sources;
			sourceTree = "<group>";
		};
		EA6B479AEF3F76F8ADAFE87C = {
			isa = PBXGroup;
			children = (
				8B1ECA0656CE3BA8B9E216CF /* Sources */,
				043224CFEB6D8A5788700196 /* Products */,
			);
			sourceTree = "<group>";
		};
		F6CE63646D32F7965E61F662 /* App */ = {
			isa = PBXGroup;
			children = (
				F4F9F98F1120CAF61D82D80B /* KeynoteDeployerApp.swift */,
			);
			path = App;
			sourceTree = "<group>";
		};
		F86DB4CB5385252AA5F74EBF /* Config */ = {
			isa = PBXGroup;
			children = (
				390DDF13A88F1C59BE62D165 /* AppConfig.swift */,
			);
			path = Config;
			sourceTree = "<group>";
		};
/* End PBXGroup section */

/* Begin PBXNativeTarget section */
		59AC3FB670361064A41E7728 /* KeynoteDeployer */ = {
			isa = PBXNativeTarget;
			buildConfigurationList = 2FAD024BC12DC30440F1747A /* Build configuration list for PBXNativeTarget "KeynoteDeployer" */;
			buildPhases = (
				A235079C29649013D0782B86 /* Sources */,
				711AF864EE7C11D78482A579 /* Frameworks */,
			);
			buildRules = (
			);
			dependencies = (
			);
			name = KeynoteDeployer;
			packageProductDependencies = (
				DF36B5B1F47AEAEE2E972A00 /* Sparkle */,
			);
			productName = KeynoteDeployer;
			productReference = 643B10849DA333A7037B54A5 /* KeynoteDeployer.app */;
			productType = "com.apple.product-type.application";
		};
/* End PBXNativeTarget section */

/* Begin PBXProject section */
		A3297633A2712EDC20C0EB84 /* Project object */ = {
			isa = PBXProject;
			attributes = {
				BuildIndependentTargetsInParallel = YES;
				LastUpgradeCheck = 2630;
				TargetAttributes = {
				};
			};
			buildConfigurationList = F470A6C7D8ED86C492B1A983 /* Build configuration list for PBXProject "KeynoteDeployer" */;
			developmentRegion = en;
			hasScannedForEncodings = 0;
			knownRegions = (
				Base,
				en,
			);
			mainGroup = EA6B479AEF3F76F8ADAFE87C;
			minimizedProjectReferenceProxies = 1;
			packageReferences = (
				21441DC6C726A6991BD32CFB /* XCRemoteSwiftPackageReference "Sparkle" */,
			);
			preferredProjectObjectVersion = 77;
			productRefGroup = 043224CFEB6D8A5788700196 /* Products */;
			projectDirPath = "";
			projectRoot = "";
			targets = (
				59AC3FB670361064A41E7728 /* KeynoteDeployer */,
			);
		};
/* End PBXProject section */

/* Begin PBXSourcesBuildPhase section */
		A235079C29649013D0782B86 /* Sources */ = {
			isa = PBXSourcesBuildPhase;
			buildActionMask = 2147483647;
			files = (
				EA8F1C902A8D2AD7D8A93A30 /* AppConfig.swift in Sources */,
				483D3CC267D95282088F9309 /* AppSettings.swift in Sources */,
				84C92D6C1E3FBCD22171220F /* ContentView.swift in Sources */,
				9467E10D5FA4765BE26819DF /* DeployProgressView.swift in Sources */,
				84AF2E114BF9B992367626D4 /* DeployView.swift in Sources */,
				68FCF5155F11F63CBB34761F /* DeploymentVerifier.swift in Sources */,
				70CBE64B6030B4BAC00B9F32 /* FileOperations.swift in Sources */,
				32E92AFC106BE6E110B3B5BA /* HistoryEntry.swift in Sources */,
				C4E54C86FF711C684113EACE /* HistoryView.swift in Sources */,
				2D5BD33951D0A7FF662C0A3F /* IndexHtmlGenerator.swift in Sources */,
				34B729A68FBC01A63C15F608 /* KeynoteDeployerApp.swift in Sources */,
				BE71A16FFD585CD12AD762B1 /* KeynoteMetadata.swift in Sources */,
				F83478250D2F6D1FD03CE852 /* KeynoteProcessor.swift in Sources */,
				53C52E6F5AC05C366512AD08 /* NavigationTab.swift in Sources */,
				4B8F2669D064C5BD83CA4387 /* PipelineResult.swift in Sources */,
				7EE6E590CE33B1217355E8BE /* ProcessingStep.swift in Sources */,
				15125B060EAC0C268F273761 /* ProjectsView.swift in Sources */,
				54EA0EA3D9BD76F228023924 /* SettingsView.swift in Sources */,
				13F48A1926D584294516EEE0 /* SidebarView.swift in Sources */,
				7DAEEC6461E2EA43B6189CBE /* UpdaterService.swift in Sources */,
				A230A93A825F8EF3B09C1AE8 /* VercelAPI.swift in Sources */,
				492021F2C6BA53DA82ADF360 /* VercelDeployer.swift in Sources */,
				46171C654C9CF229C03D7615 /* VercelProject.swift in Sources */,
			);
			runOnlyForDeploymentPostprocessing = 0;
		};
/* End PBXSourcesBuildPhase section */

/* Begin XCBuildConfiguration section */
		AB3D181AAC80902D5D59A078 /* Debug */ = {
			isa = XCBuildConfiguration;
			buildSettings = {
				ASSETCATALOG_COMPILER_APPICON_NAME = AppIcon;
				COMBINE_HIDPI_IMAGES = YES;
				CURRENT_PROJECT_VERSION = 1;
				GENERATE_INFOPLIST_FILE = YES;
				INFOPLIST_GENERATION_MODE = GeneratedByXcode;
				INFOPLIST_KEY_CFBundleDisplayName = "Keynote Deployer";
				INFOPLIST_KEY_LSApplicationCategoryType = "public.app-category.developer-tools";
				INFOPLIST_KEY_NSHumanReadableCopyright = "Copyright 2026 ImagineLab Studios";
				INFOPLIST_KEY_SUFeedURL = "https://github.com/edwardhodge-usa/keynote-deployer/releases/latest/download/appcast.xml";
				INFOPLIST_KEY_SUPublicEDKey = "";
				LD_RUNPATH_SEARCH_PATHS = (
					"$(inherited)",
					"@executable_path/../Frameworks",
				);
				MARKETING_VERSION = 1.0.0;
				PRODUCT_BUNDLE_IDENTIFIER = "com.imaginelabstudios.keynote-deployer";
				SDKROOT = macosx;
			};
			name = Debug;
		};
		B6BFF0E358AED66A903055F5 /* Release */ = {
			isa = XCBuildConfiguration;
			buildSettings = {
				ALWAYS_SEARCH_USER_PATHS = NO;
				CLANG_ANALYZER_NONNULL = YES;
				CLANG_ANALYZER_NUMBER_OBJECT_CONVERSION = YES_AGGRESSIVE;
				CLANG_CXX_LANGUAGE_STANDARD = "gnu++14";
				CLANG_CXX_LIBRARY = "libc++";
				CLANG_ENABLE_MODULES = YES;
				CLANG_ENABLE_OBJC_ARC = YES;
				CLANG_ENABLE_OBJC_WEAK = YES;
				CLANG_WARN_BLOCK_CAPTURE_AUTORELEASING = YES;
				CLANG_WARN_BOOL_CONVERSION = YES;
				CLANG_WARN_COMMA = YES;
				CLANG_WARN_CONSTANT_CONVERSION = YES;
				CLANG_WARN_DEPRECATED_OBJC_IMPLEMENTATIONS = YES;
				CLANG_WARN_DIRECT_OBJC_ISA_USAGE = YES_ERROR;
				CLANG_WARN_DOCUMENTATION_COMMENTS = YES;
				CLANG_WARN_EMPTY_BODY = YES;
				CLANG_WARN_ENUM_CONVERSION = YES;
				CLANG_WARN_INFINITE_RECURSION = YES;
				CLANG_WARN_INT_CONVERSION = YES;
				CLANG_WARN_NON_LITERAL_NULL_CONVERSION = YES;
				CLANG_WARN_OBJC_IMPLICIT_RETAIN_SELF = YES;
				CLANG_WARN_OBJC_LITERAL_CONVERSION = YES;
				CLANG_WARN_OBJC_ROOT_CLASS = YES_ERROR;
				CLANG_WARN_QUOTED_INCLUDE_IN_FRAMEWORK_HEADER = YES;
				CLANG_WARN_RANGE_LOOP_ANALYSIS = YES;
				CLANG_WARN_STRICT_PROTOTYPES = YES;
				CLANG_WARN_SUSPICIOUS_MOVE = YES;
				CLANG_WARN_UNGUARDED_AVAILABILITY = YES_AGGRESSIVE;
				CLANG_WARN_UNREACHABLE_CODE = YES;
				CLANG_WARN__DUPLICATE_METHOD_MATCH = YES;
				CODE_SIGNING_REQUIRED = NO;
				CODE_SIGN_IDENTITY = "-";
				COPY_PHASE_STRIP = NO;
				DEBUG_INFORMATION_FORMAT = "dwarf-with-dsym";
				ENABLE_NS_ASSERTIONS = NO;
				ENABLE_STRICT_OBJC_MSGSEND = YES;
				GCC_C_LANGUAGE_STANDARD = gnu11;
				GCC_NO_COMMON_BLOCKS = YES;
				GCC_WARN_64_TO_32_BIT_CONVERSION = YES;
				GCC_WARN_ABOUT_RETURN_TYPE = YES_ERROR;
				GCC_WARN_UNDECLARED_SELECTOR = YES;
				GCC_WARN_UNINITIALIZED_AUTOS = YES_AGGRESSIVE;
				GCC_WARN_UNUSED_FUNCTION = YES;
				GCC_WARN_UNUSED_VARIABLE = YES;
				MACOSX_DEPLOYMENT_TARGET = 15.0;
				MTL_ENABLE_DEBUG_INFO = NO;
				MTL_FAST_MATH = YES;
				PRODUCT_NAME = "$(TARGET_NAME)";
				SDKROOT = macosx;
				SWIFT_COMPILATION_MODE = wholemodule;
				SWIFT_OPTIMIZATION_LEVEL = "-O";
				SWIFT_VERSION = 6.2;
			};
			name = Release;
		};
		BF086B592E6C07A57E937379 /* Release */ = {
			isa = XCBuildConfiguration;
			buildSettings = {
				ASSETCATALOG_COMPILER_APPICON_NAME = AppIcon;
				COMBINE_HIDPI_IMAGES = YES;
				CURRENT_PROJECT_VERSION = 1;
				GENERATE_INFOPLIST_FILE = YES;
				INFOPLIST_GENERATION_MODE = GeneratedByXcode;
				INFOPLIST_KEY_CFBundleDisplayName = "Keynote Deployer";
				INFOPLIST_KEY_LSApplicationCategoryType = "public.app-category.developer-tools";
				INFOPLIST_KEY_NSHumanReadableCopyright = "Copyright 2026 ImagineLab Studios";
				INFOPLIST_KEY_SUFeedURL = "https://github.com/edwardhodge-usa/keynote-deployer/releases/latest/download/appcast.xml";
				INFOPLIST_KEY_SUPublicEDKey = "";
				LD_RUNPATH_SEARCH_PATHS = (
					"$(inherited)",
					"@executable_path/../Frameworks",
				);
				MARKETING_VERSION = 1.0.0;
				PRODUCT_BUNDLE_IDENTIFIER = "com.imaginelabstudios.keynote-deployer";
				SDKROOT = macosx;
			};
			name = Release;
		};
		E906D443388B7A638491CDC6 /* Debug */ = {
			isa = XCBuildConfiguration;
			buildSettings = {
				ALWAYS_SEARCH_USER_PATHS = NO;
				CLANG_ANALYZER_NONNULL = YES;
				CLANG_ANALYZER_NUMBER_OBJECT_CONVERSION = YES_AGGRESSIVE;
				CLANG_CXX_LANGUAGE_STANDARD = "gnu++14";
				CLANG_CXX_LIBRARY = "libc++";
				CLANG_ENABLE_MODULES = YES;
				CLANG_ENABLE_OBJC_ARC = YES;
				CLANG_ENABLE_OBJC_WEAK = YES;
				CLANG_WARN_BLOCK_CAPTURE_AUTORELEASING = YES;
				CLANG_WARN_BOOL_CONVERSION = YES;
				CLANG_WARN_COMMA = YES;
				CLANG_WARN_CONSTANT_CONVERSION = YES;
				CLANG_WARN_DEPRECATED_OBJC_IMPLEMENTATIONS = YES;
				CLANG_WARN_DIRECT_OBJC_ISA_USAGE = YES_ERROR;
				CLANG_WARN_DOCUMENTATION_COMMENTS = YES;
				CLANG_WARN_EMPTY_BODY = YES;
				CLANG_WARN_ENUM_CONVERSION = YES;
				CLANG_WARN_INFINITE_RECURSION = YES;
				CLANG_WARN_INT_CONVERSION = YES;
				CLANG_WARN_NON_LITERAL_NULL_CONVERSION = YES;
				CLANG_WARN_OBJC_IMPLICIT_RETAIN_SELF = YES;
				CLANG_WARN_OBJC_LITERAL_CONVERSION = YES;
				CLANG_WARN_OBJC_ROOT_CLASS = YES_ERROR;
				CLANG_WARN_QUOTED_INCLUDE_IN_FRAMEWORK_HEADER = YES;
				CLANG_WARN_RANGE_LOOP_ANALYSIS = YES;
				CLANG_WARN_STRICT_PROTOTYPES = YES;
				CLANG_WARN_SUSPICIOUS_MOVE = YES;
				CLANG_WARN_UNGUARDED_AVAILABILITY = YES_AGGRESSIVE;
				CLANG_WARN_UNREACHABLE_CODE = YES;
				CLANG_WARN__DUPLICATE_METHOD_MATCH = YES;
				CODE_SIGNING_REQUIRED = NO;
				CODE_SIGN_IDENTITY = "-";
				COPY_PHASE_STRIP = NO;
				DEBUG_INFORMATION_FORMAT = dwarf;
				ENABLE_STRICT_OBJC_MSGSEND = YES;
				ENABLE_TESTABILITY = YES;
				GCC_C_LANGUAGE_STANDARD = gnu11;
				GCC_DYNAMIC_NO_PIC = NO;
				GCC_NO_COMMON_BLOCKS = YES;
				GCC_OPTIMIZATION_LEVEL = 0;
				GCC_PREPROCESSOR_DEFINITIONS = (
					"$(inherited)",
					"DEBUG=1",
				);
				GCC_WARN_64_TO_32_BIT_CONVERSION = YES;
				GCC_WARN_ABOUT_RETURN_TYPE = YES_ERROR;
				GCC_WARN_UNDECLARED_SELECTOR = YES;
				GCC_WARN_UNINITIALIZED_AUTOS = YES_AGGRESSIVE;
				GCC_WARN_UNUSED_FUNCTION = YES;
				GCC_WARN_UNUSED_VARIABLE = YES;
				MACOSX_DEPLOYMENT_TARGET = 15.0;
				MTL_ENABLE_DEBUG_INFO = INCLUDE_SOURCE;
				MTL_FAST_MATH = YES;
				ONLY_ACTIVE_ARCH = YES;
				PRODUCT_NAME = "$(TARGET_NAME)";
				SDKROOT = macosx;
				SWIFT_ACTIVE_COMPILATION_CONDITIONS = DEBUG;
				SWIFT_OPTIMIZATION_LEVEL = "-Onone";
				SWIFT_VERSION = 6.2;
			};
			name = Debug;
		};
/* End XCBuildConfiguration section */

/* Begin XCConfigurationList section */
		2FAD024BC12DC30440F1747A /* Build configuration list for PBXNativeTarget "KeynoteDeployer" */ = {
			isa = XCConfigurationList;
			buildConfigurations = (
				AB3D181AAC80902D5D59A078 /* Debug */,
				BF086B592E6C07A57E937379 /* Release */,
			);
			defaultConfigurationIsVisible = 0;
			defaultConfigurationName = Debug;
		};
		F470A6C7D8ED86C492B1A983 /* Build configuration list for PBXProject "KeynoteDeployer" */ = {
			isa = XCConfigurationList;
			buildConfigurations = (
				E906D443388B7A638491CDC6 /* Debug */,
				B6BFF0E358AED66A903055F5 /* Release */,
			);
			defaultConfigurationIsVisible = 0;
			defaultConfigurationName = Debug;
		};
/* End XCConfigurationList section */

/* Begin XCRemoteSwiftPackageReference section */
		21441DC6C726A6991BD32CFB /* XCRemoteSwiftPackageReference "Sparkle" */ = {
			isa = XCRemoteSwiftPackageReference;
			repositoryURL = "https://github.com/sparkle-project/Sparkle";
			requirement = {
				kind = upToNextMajorVersion;
				minimumVersion = 2.7.0;
			};
		};
/* End XCRemoteSwiftPackageReference section */

/* Begin XCSwiftPackageProductDependency section */
		DF36B5B1F47AEAEE2E972A00 /* Sparkle */ = {
			isa = XCSwiftPackageProductDependency;
			package = 21441DC6C726A6991BD32CFB /* XCRemoteSwiftPackageReference "Sparkle" */;
			productName = Sparkle;
		};
/* End XCSwiftPackageProductDependency section */
	};
	rootObject = A3297633A2712EDC20C0EB84 /* Project object */;
}
