// !$*UTF8*$!
{
	archiveVersion = 1;
	classes = {
	};
	objectVersion = 77;
	objects = {

/* Begin PBXBuildFile section */
		0279F1846492EE33EF6B5DF6 /* VideoDeployer.swift in Sources */ = {isa = PBXBuildFile; fileRef = 248CA57BE0AE9DF3FE95681B /* VideoDeployer.swift */; };
		07A8FA865923A9F4F325A61A /* StillsMatch.swift in Sources */ = {isa = PBXBuildFile; fileRef = D57C9F761A616991B1231F01 /* StillsMatch.swift */; };
		0BB5C5D74FBE3BFEFA08A12F /* AVFoundationVideoEncoder.swift in Sources */ = {isa = PBXBuildFile; fileRef = 3BB79FDC1EFBE27B83DABD22 /* AVFoundationVideoEncoder.swift */; };
		0F265C03C5A0D733EB35550F /* VideoEncoding.swift in Sources */ = {isa = PBXBuildFile; fileRef = 06A48F26B10DD642AD5B6464 /* VideoEncoding.swift */; };
		13F48A1926D584294516EEE0 /* SidebarView.swift in Sources */ = {isa = PBXBuildFile; fileRef = E3C9945227E19D94B300923C /* SidebarView.swift */; };
		14D97A0EC991F473EF8342A1 /* VideoDeployView.swift in Sources */ = {isa = PBXBuildFile; fileRef = E292C5A2FD9F714EE8576294 /* VideoDeployView.swift */; };
		15125B060EAC0C268F273761 /* ProjectsView.swift in Sources */ = {isa = PBXBuildFile; fileRef = A857D151061C711E9B9957C8 /* ProjectsView.swift */; };
		15701A796DD5D2245EB5BC02 /* VideoPoster.swift in Sources */ = {isa = PBXBuildFile; fileRef = 007E0F3F86CF8F4ECE4E3945 /* VideoPoster.swift */; };
		1EA6EDF68274954358561E02 /* VideoTimestampDeriver.swift in Sources */ = {isa = PBXBuildFile; fileRef = AC9556AE330C0F37CAC5751F /* VideoTimestampDeriver.swift */; };
		22CAA3C6B137E1DD00364127 /* video-viewer-golden-plain.html in Resources */ = {isa = PBXBuildFile; fileRef = 0A7E4D56A5BFA32DA7B9285F /* video-viewer-golden-plain.html */; };
		2D5BD33951D0A7FF662C0A3F /* IndexHtmlGenerator.swift in Sources */ = {isa = PBXBuildFile; fileRef = A80FCBDC9C1ECDDA55886B5A /* IndexHtmlGenerator.swift */; };
		32E92AFC106BE6E110B3B5BA /* HistoryEntry.swift in Sources */ = {isa = PBXBuildFile; fileRef = 6014F6E3BFFA0FEA826D475F /* HistoryEntry.swift */; };
		34B729A68FBC01A63C15F608 /* KeynoteDeployerApp.swift in Sources */ = {isa = PBXBuildFile; fileRef = F4F9F98F1120CAF61D82D80B /* KeynoteDeployerApp.swift */; };
		419F05D5433E94752E999ED6 /* ModelsAndProjectTests.swift in Sources */ = {isa = PBXBuildFile; fileRef = AA065551FEEAB39DDEAC9B60 /* ModelsAndProjectTests.swift */; };
		46171C654C9CF229C03D7615 /* VercelProject.swift in Sources */ = {isa = PBXBuildFile; fileRef = 23F61A6BE61C1CDC6237ADF6 /* VercelProject.swift */; };
		483D3CC267D95282088F9309 /* AppSettings.swift in Sources */ = {isa = PBXBuildFile; fileRef = 28C5E49D1314790083692357 /* AppSettings.swift */; };
		492021F2C6BA53DA82ADF360 /* VercelDeployer.swift in Sources */ = {isa = PBXBuildFile; fileRef = 282B4D114C60E28D56418FAE /* VercelDeployer.swift */; };
		4A2E1C7FE7EE01DC8EB9F111 /* VideoViewerGenerator.swift in Sources */ = {isa = PBXBuildFile; fileRef = 42ABCE72BEC351859554D951 /* VideoViewerGenerator.swift */; };
		4B289C6795B7E64A9625F96D /* StillsMatchTests.swift in Sources */ = {isa = PBXBuildFile; fileRef = E0A6C88075BDCE7E6E5AF0C9 /* StillsMatchTests.swift */; };
		4B8F2669D064C5BD83CA4387 /* PipelineResult.swift in Sources */ = {isa = PBXBuildFile; fileRef = 17821C750B379235D1F37C5E /* PipelineResult.swift */; };
		4C00428279F6EAE4F1216066 /* Sparkle in Frameworks */ = {isa = PBXBuildFile; productRef = DF36B5B1F47AEAEE2E972A00 /* Sparkle */; };
		53C52E6F5AC05C366512AD08 /* NavigationTab.swift in Sources */ = {isa = PBXBuildFile; fileRef = 91B38AC4D9349306424DE153 /* NavigationTab.swift */; };
		54EA0EA3D9BD76F228023924 /* SettingsView.swift in Sources */ = {isa = PBXBuildFile; fileRef = 4A3AD033AAD0411C7CA1B6CD /* SettingsView.swift */; };
		65D822F5BE3D7DF0C86BB4F4 /* AppIcon.icns in Resources */ = {isa = PBXBuildFile; fileRef = C19D38B1FAB3FA0489A430C4 /* AppIcon.icns */; };
		68FCF5155F11F63CBB34761F /* DeploymentVerifier.swift in Sources */ = {isa = PBXBuildFile; fileRef = 25181D8CAB9909769D352295 /* DeploymentVerifier.swift */; };
		6CA11C44E5D0640DB47D2A83 /* FFmpegVideoEncoderTests.swift in Sources */ = {isa = PBXBuildFile; fileRef = 21BB4E825DF33B80AB6A0E9C /* FFmpegVideoEncoderTests.swift */; };
		70CBE64B6030B4BAC00B9F32 /* FileOperations.swift in Sources */ = {isa = PBXBuildFile; fileRef = 082147F09FC716A0BEAD8B15 /* FileOperations.swift */; };
		77788CDBF10422EED9C391D2 /* video-viewer-template.html in Resources */ = {isa = PBXBuildFile; fileRef = 0C46C9CD46B3D1C3098570B6 /* video-viewer-template.html */; };
		7BD50ED283C19763BC2C818B /* VideoDeployViewTests.swift in Sources */ = {isa = PBXBuildFile; fileRef = A7EFC78B0837DBADF0D2430A /* VideoDeployViewTests.swift */; };
		7DAEEC6461E2EA43B6189CBE /* UpdaterService.swift in Sources */ = {isa = PBXBuildFile; fileRef = 1C1AE82499CE26C6968F8AA7 /* UpdaterService.swift */; };
		7EE6E590CE33B1217355E8BE /* ProcessingStep.swift in Sources */ = {isa = PBXBuildFile; fileRef = 6E9CE1B85FB4D719BE7B0EC8 /* ProcessingStep.swift */; };
		84AF2E114BF9B992367626D4 /* DeployView.swift in Sources */ = {isa = PBXBuildFile; fileRef = F23DFAEC2277359D2ECF9D69 /* DeployView.swift */; };
		84C92D6C1E3FBCD22171220F /* ContentView.swift in Sources */ = {isa = PBXBuildFile; fileRef = 748C27488D67FC5F775B7ABB /* ContentView.swift */; };
		8D642D0B7DE7423F33970CAC /* VideoAnalysis.swift in Sources */ = {isa = PBXBuildFile; fileRef = 5D3403EAA4D97975ADF59927 /* VideoAnalysis.swift */; };
		9467E10D5FA4765BE26819DF /* DeployProgressView.swift in Sources */ = {isa = PBXBuildFile; fileRef = 252E013E7FB809AC24354D6C /* DeployProgressView.swift */; };
		A14416E992CD0B244FFA16A1 /* GridSamplerTests.swift in Sources */ = {isa = PBXBuildFile; fileRef = 403D899438A463CD2A362774 /* GridSamplerTests.swift */; };
		A230A93A825F8EF3B09C1AE8 /* VercelAPI.swift in Sources */ = {isa = PBXBuildFile; fileRef = 17A85902F080898C86352154 /* VercelAPI.swift */; };
		A7B6DA5811520FD9E09E749F /* video-viewer-golden-secure.html in Resources */ = {isa = PBXBuildFile; fileRef = 61E0452AB31EE55316A70A2D /* video-viewer-golden-secure.html */; };
		BE71A16FFD585CD12AD762B1 /* KeynoteMetadata.swift in Sources */ = {isa = PBXBuildFile; fileRef = CE7E2BD93E4F1F90654BA3E7 /* KeynoteMetadata.swift */; };
		C1320156DDC609C7483B1F6A /* GridSampler.swift in Sources */ = {isa = PBXBuildFile; fileRef = 38B3998DF7B225F311525034 /* GridSampler.swift */; };
		C4E54C86FF711C684113EACE /* HistoryView.swift in Sources */ = {isa = PBXBuildFile; fileRef = B55FB9E316B645CFD0C08B4F /* HistoryView.swift */; };
		C6F91B76D51C9A06A0354265 /* FFmpegVideoEncoder.swift in Sources */ = {isa = PBXBuildFile; fileRef = 62962D07AF83802E42A4D632 /* FFmpegVideoEncoder.swift */; };
		CE796BD76C505B8CFE155F1A /* VideoTimestampDeriverTests.swift in Sources */ = {isa = PBXBuildFile; fileRef = 235D9E8F90EF404DE587C849 /* VideoTimestampDeriverTests.swift */; };
		CF38C9DBAC8AFF2AF62781ED /* VideoViewerGeneratorTests.swift in Sources */ = {isa = PBXBuildFile; fileRef = B13D91BAAE5426D7EB676719 /* VideoViewerGeneratorTests.swift */; };
		D11E662E9329C958E5FD05BE /* VideoDeployRequest.swift in Sources */ = {isa = PBXBuildFile; fileRef = CBCFD1B404C9D887FD5FA7B0 /* VideoDeployRequest.swift */; };
		EA8F1C902A8D2AD7D8A93A30 /* AppConfig.swift in Sources */ = {isa = PBXBuildFile; fileRef = 390DDF13A88F1C59BE62D165 /* AppConfig.swift */; };
		F83478250D2F6D1FD03CE852 /* KeynoteProcessor.swift in Sources */ = {isa = PBXBuildFile; fileRef = 987B91A81602E8E224604358 /* KeynoteProcessor.swift */; };
		F8F76506BDA7C609399C3F77 /* VideoDeployerTests.swift in Sources */ = {isa = PBXBuildFile; fileRef = 15E1F837FA970373C0F1ADFF /* VideoDeployerTests.swift */; };
		FED0CB7E95A656D351958D95 /* AVFoundationVideoEncoderTests.swift in Sources */ = {isa = PBXBuildFile; fileRef = 3DF19AE8FCC6FD1C9ADE5B8A /* AVFoundationVideoEncoderTests.swift */; };
/* End PBXBuildFile section */

/* Begin PBXContainerItemProxy section */
		DACA7CD42F5A8DA7BB4CE436 /* PBXContainerItemProxy */ = {
			isa = PBXContainerItemProxy;
			containerPortal = A3297633A2712EDC20C0EB84 /* Project object */;
			proxyType = 1;
			remoteGlobalIDString = 59AC3FB670361064A41E7728;
			remoteInfo = KeynoteDeployer;
		};
/* End PBXContainerItemProxy section */

/* Begin PBXFileReference section */
		007E0F3F86CF8F4ECE4E3945 /* VideoPoster.swift */ = {isa = PBXFileReference; lastKnownFileType = sourcecode.swift; path = VideoPoster.swift; sourceTree = "<group>"; };
		06A48F26B10DD642AD5B6464 /* VideoEncoding.swift */ = {isa = PBXFileReference; lastKnownFileType = sourcecode.swift; path = VideoEncoding.swift; sourceTree = "<group>"; };
		082147F09FC716A0BEAD8B15 /* FileOperations.swift */ = {isa = PBXFileReference; lastKnownFileType = sourcecode.swift; path = FileOperations.swift; sourceTree = "<group>"; };
		0A7E4D56A5BFA32DA7B9285F /* video-viewer-golden-plain.html */ = {isa = PBXFileReference; lastKnownFileType = text.html; path = "video-viewer-golden-plain.html"; sourceTree = "<group>"; };
		0C46C9CD46B3D1C3098570B6 /* video-viewer-template.html */ = {isa = PBXFileReference; lastKnownFileType = text.html; path = "video-viewer-template.html"; sourceTree = "<group>"; };
		15E1F837FA970373C0F1ADFF /* VideoDeployerTests.swift */ = {isa = PBXFileReference; lastKnownFileType = sourcecode.swift; path = VideoDeployerTests.swift; sourceTree = "<group>"; };
		17821C750B379235D1F37C5E /* PipelineResult.swift */ = {isa = PBXFileReference; lastKnownFileType = sourcecode.swift; path = PipelineResult.swift; sourceTree = "<group>"; };
		17A85902F080898C86352154 /* VercelAPI.swift */ = {isa = PBXFileReference; lastKnownFileType = sourcecode.swift; path = VercelAPI.swift; sourceTree = "<group>"; };
		1C1AE82499CE26C6968F8AA7 /* UpdaterService.swift */ = {isa = PBXFileReference; lastKnownFileType = sourcecode.swift; path = UpdaterService.swift; sourceTree = "<group>"; };
		21BB4E825DF33B80AB6A0E9C /* FFmpegVideoEncoderTests.swift */ = {isa = PBXFileReference; lastKnownFileType = sourcecode.swift; path = FFmpegVideoEncoderTests.swift; sourceTree = "<group>"; };
		235D9E8F90EF404DE587C849 /* VideoTimestampDeriverTests.swift */ = {isa = PBXFileReference; lastKnownFileType = sourcecode.swift; path = VideoTimestampDeriverTests.swift; sourceTree = "<group>"; };
		23F61A6BE61C1CDC6237ADF6 /* VercelProject.swift */ = {isa = PBXFileReference; lastKnownFileType = sourcecode.swift; path = VercelProject.swift; sourceTree = "<group>"; };
		248CA57BE0AE9DF3FE95681B /* VideoDeployer.swift */ = {isa = PBXFileReference; lastKnownFileType = sourcecode.swift; path = VideoDeployer.swift; sourceTree = "<group>"; };
		25181D8CAB9909769D352295 /* DeploymentVerifier.swift */ = {isa = PBXFileReference; lastKnownFileType = sourcecode.swift; path = DeploymentVerifier.swift; sourceTree = "<group>"; };
		252E013E7FB809AC24354D6C /* DeployProgressView.swift */ = {isa = PBXFileReference; lastKnownFileType = sourcecode.swift; path = DeployProgressView.swift; sourceTree = "<group>"; };
		27F54EA164F3AD6A14907287 /* KeynoteDeployer.entitlements */ = {isa = PBXFileReference; lastKnownFileType = text.plist.entitlements; path = KeynoteDeployer.entitlements; sourceTree = "<group>"; };
		282B4D114C60E28D56418FAE /* VercelDeployer.swift */ = {isa = PBXFileReference; lastKnownFileType = sourcecode.swift; path = VercelDeployer.swift; sourceTree = "<group>"; };
		28C5E49D1314790083692357 /* AppSettings.swift */ = {isa = PBXFileReference; lastKnownFileType = sourcecode.swift; path = AppSettings.swift; sourceTree = "<group>"; };
		38B3998DF7B225F311525034 /* GridSampler.swift */ = {isa = PBXFileReference; lastKnownFileType = sourcecode.swift; path = GridSampler.swift; sourceTree = "<group>"; };
		390DDF13A88F1C59BE62D165 /* AppConfig.swift */ = {isa = PBXFileReference; lastKnownFileType = sourcecode.swift; path = AppConfig.swift; sourceTree = "<group>"; };
		3BB79FDC1EFBE27B83DABD22 /* AVFoundationVideoEncoder.swift */ = {isa = PBXFileReference; lastKnownFileType = sourcecode.swift; path = AVFoundationVideoEncoder.swift; sourceTree = "<group>"; };
		3DF19AE8FCC6FD1C9ADE5B8A /* AVFoundationVideoEncoderTests.swift */ = {isa = PBXFileReference; lastKnownFileType = sourcecode.swift; path = AVFoundationVideoEncoderTests.swift; sourceTree = "<group>"; };
		403D899438A463CD2A362774 /* GridSamplerTests.swift */ = {isa = PBXFileReference; lastKnownFileType = sourcecode.swift; path = GridSamplerTests.swift; sourceTree = "<group>"; };
		42ABCE72BEC351859554D951 /* VideoViewerGenerator.swift */ = {isa = PBXFileReference; lastKnownFileType = sourcecode.swift; path = VideoViewerGenerator.swift; sourceTree = "<group>"; };
		4A3AD033AAD0411C7CA1B6CD /* SettingsView.swift */ = {isa = PBXFileReference; lastKnownFileType = sourcecode.swift; path = SettingsView.swift; sourceTree = "<group>"; };
		537673A9D5C3A3390918F7BE /* .gitkeep */ = {isa = PBXFileReference; path = .gitkeep; sourceTree = "<group>"; };
		5D3403EAA4D97975ADF59927 /* VideoAnalysis.swift */ = {isa = PBXFileReference; lastKnownFileType = sourcecode.swift; path = VideoAnalysis.swift; sourceTree = "<group>"; };
		6014F6E3BFFA0FEA826D475F /* HistoryEntry.swift */ = {isa = PBXFileReference; lastKnownFileType = sourcecode.swift; path = HistoryEntry.swift; sourceTree = "<group>"; };
		61E0452AB31EE55316A70A2D /* video-viewer-golden-secure.html */ = {isa = PBXFileReference; lastKnownFileType = text.html; path = "video-viewer-golden-secure.html"; sourceTree = "<group>"; };
		62962D07AF83802E42A4D632 /* FFmpegVideoEncoder.swift */ = {isa = PBXFileReference; lastKnownFileType = sourcecode.swift; path = FFmpegVideoEncoder.swift; sourceTree = "<group>"; };
		643B10849DA333A7037B54A5 /* KeynoteDeployer.app */ = {isa = PBXFileReference; explicitFileType = wrapper.application; includeInIndex = 0; path = KeynoteDeployer.app; sourceTree = BUILT_PRODUCTS_DIR; };
		66C0C927B53D57B936E42EA7 /* Sparkle.xcconfig */ = {isa = PBXFileReference; lastKnownFileType = text.xcconfig; path = Sparkle.xcconfig; sourceTree = "<group>"; };
		6E9CE1B85FB4D719BE7B0EC8 /* ProcessingStep.swift */ = {isa = PBXFileReference; lastKnownFileType = sourcecode.swift; path = ProcessingStep.swift; sourceTree = "<group>"; };
		748C27488D67FC5F775B7ABB /* ContentView.swift */ = {isa = PBXFileReference; lastKnownFileType = sourcecode.swift; path = ContentView.swift; sourceTree = "<group>"; };
		8BEDC9A62B61A688BFF547EE /* KeynoteDeployerTests.xctest */ = {isa = PBXFileReference; explicitFileType = wrapper.cfbundle; includeInIndex = 0; path = KeynoteDeployerTests.xctest; sourceTree = BUILT_PRODUCTS_DIR; };
		91B38AC4D9349306424DE153 /* NavigationTab.swift */ = {isa = PBXFileReference; lastKnownFileType = sourcecode.swift; path = NavigationTab.swift; sourceTree = "<group>"; };
		987B91A81602E8E224604358 /* KeynoteProcessor.swift */ = {isa = PBXFileReference; lastKnownFileType = sourcecode.swift; path = KeynoteProcessor.swift; sourceTree = "<group>"; };
		A7EFC78B0837DBADF0D2430A /* VideoDeployViewTests.swift */ = {isa = PBXFileReference; lastKnownFileType = sourcecode.swift; path = VideoDeployViewTests.swift; sourceTree = "<group>"; };
		A80FCBDC9C1ECDDA55886B5A /* IndexHtmlGenerator.swift */ = {isa = PBXFileReference; lastKnownFileType = sourcecode.swift; path = IndexHtmlGenerator.swift; sourceTree = "<group>"; };
		A857D151061C711E9B9957C8 /* ProjectsView.swift */ = {isa = PBXFileReference; lastKnownFileType = sourcecode.swift; path = ProjectsView.swift; sourceTree = "<group>"; };
		AA065551FEEAB39DDEAC9B60 /* ModelsAndProjectTests.swift */ = {isa = PBXFileReference; lastKnownFileType = sourcecode.swift; path = ModelsAndProjectTests.swift; sourceTree = "<group>"; };
		AC9556AE330C0F37CAC5751F /* VideoTimestampDeriver.swift */ = {isa = PBXFileReference; lastKnownFileType = sourcecode.swift; path = VideoTimestampDeriver.swift; sourceTree = "<group>"; };
		B13D91BAAE5426D7EB676719 /* VideoViewerGeneratorTests.swift */ = {isa = PBXFileReference; lastKnownFileType = sourcecode.swift; path = VideoViewerGeneratorTests.swift; sourceTree = "<group>"; };
		B55FB9E316B645CFD0C08B4F /* HistoryView.swift */ = {isa = PBXFileReference; lastKnownFileType = sourcecode.swift; path = HistoryView.swift; sourceTree = "<group>"; };
		C19D38B1FAB3FA0489A430C4 /* AppIcon.icns */ = {isa = PBXFileReference; lastKnownFileType = image.icns; path = AppIcon.icns; sourceTree = "<group>"; };
		CBCFD1B404C9D887FD5FA7B0 /* VideoDeployRequest.swift */ = {isa = PBXFileReference; lastKnownFileType = sourcecode.swift; path = VideoDeployRequest.swift; sourceTree = "<group>"; };
		CE7E2BD93E4F1F90654BA3E7 /* KeynoteMetadata.swift */ = {isa = PBXFileReference; lastKnownFileType = sourcecode.swift; path = KeynoteMetadata.swift; sourceTree = "<group>"; };
		D57C9F761A616991B1231F01 /* StillsMatch.swift */ = {isa = PBXFileReference; lastKnownFileType = sourcecode.swift; path = StillsMatch.swift; sourceTree = "<group>"; };
		E0A6C88075BDCE7E6E5AF0C9 /* StillsMatchTests.swift */ = {isa = PBXFileReference; lastKnownFileType = sourcecode.swift; path = StillsMatchTests.swift; sourceTree = "<group>"; };
		E292C5A2FD9F714EE8576294 /* VideoDeployView.swift */ = {isa = PBXFileReference; lastKnownFileType = sourcecode.swift; path = VideoDeployView.swift; sourceTree = "<group>"; };
		E3C9945227E19D94B300923C /* SidebarView.swift */ = {isa = PBXFileReference; lastKnownFileType = sourcecode.swift; path = SidebarView.swift; sourceTree = "<group>"; };
		EC7E6FAEC55BC08F00535E8C /* Info.plist */ = {isa = PBXFileReference; lastKnownFileType = text.plist; path = Info.plist; sourceTree = "<group>"; };
		F23DFAEC2277359D2ECF9D69 /* DeployView.swift */ = {isa = PBXFileReference; lastKnownFileType = sourcecode.swift; path = DeployView.swift; sourceTree = "<group>"; };
		F4F9F98F1120CAF61D82D80B /* KeynoteDeployerApp.swift */ = {isa = PBXFileReference; lastKnownFileType = sourcecode.swift; path = KeynoteDeployerApp.swift; sourceTree = "<group>"; };
/* End PBXFileReference section */

/* Begin PBXFrameworksBuildPhase section */
		711AF864EE7C11D78482A579 /* Frameworks */ = {
			isa = PBXFrameworksBuildPhase;
			buildActionMask = 2147483647;
			files = (
				4C00428279F6EAE4F1216066 /* Sparkle in Frameworks */,
			);
			runOnlyForDeploymentPostprocessing = 0;
		};
/* End PBXFrameworksBuildPhase section */

/* Begin PBXGroup section */
		01C679620FE08A5704268729 /* Services */ = {
			isa = PBXGroup;
			children = (
				3BB79FDC1EFBE27B83DABD22 /* AVFoundationVideoEncoder.swift */,
				25181D8CAB9909769D352295 /* DeploymentVerifier.swift */,
				62962D07AF83802E42A4D632 /* FFmpegVideoEncoder.swift */,
				082147F09FC716A0BEAD8B15 /* FileOperations.swift */,
				38B3998DF7B225F311525034 /* GridSampler.swift */,
				A80FCBDC9C1ECDDA55886B5A /* IndexHtmlGenerator.swift */,
				987B91A81602E8E224604358 /* KeynoteProcessor.swift */,
				D57C9F761A616991B1231F01 /* StillsMatch.swift */,
				1C1AE82499CE26C6968F8AA7 /* UpdaterService.swift */,
				17A85902F080898C86352154 /* VercelAPI.swift */,
				282B4D114C60E28D56418FAE /* VercelDeployer.swift */,
				248CA57BE0AE9DF3FE95681B /* VideoDeployer.swift */,
				06A48F26B10DD642AD5B6464 /* VideoEncoding.swift */,
				007E0F3F86CF8F4ECE4E3945 /* VideoPoster.swift */,
				AC9556AE330C0F37CAC5751F /* VideoTimestampDeriver.swift */,
				42ABCE72BEC351859554D951 /* VideoViewerGenerator.swift */,
			);
			path = Services;
			sourceTree = "<group>";
		};
		043224CFEB6D8A5788700196 /* Products */ = {
			isa = PBXGroup;
			children = (
				643B10849DA333A7037B54A5 /* KeynoteDeployer.app */,
				8BEDC9A62B61A688BFF547EE /* KeynoteDeployerTests.xctest */,
			);
			name = Products;
			sourceTree = "<group>";
		};
		403E53FCE746D53A87F8756C /* Views */ = {
			isa = PBXGroup;
			children = (
				748C27488D67FC5F775B7ABB /* ContentView.swift */,
				252E013E7FB809AC24354D6C /* DeployProgressView.swift */,
				F23DFAEC2277359D2ECF9D69 /* DeployView.swift */,
				B55FB9E316B645CFD0C08B4F /* HistoryView.swift */,
				A857D151061C711E9B9957C8 /* ProjectsView.swift */,
				4A3AD033AAD0411C7CA1B6CD /* SettingsView.swift */,
				E3C9945227E19D94B300923C /* SidebarView.swift */,
				E292C5A2FD9F714EE8576294 /* VideoDeployView.swift */,
			);
			path = Views;
			sourceTree = "<group>";
		};
		7105A5427370184AA6743664 /* Models */ = {
			isa = PBXGroup;
			children = (
				28C5E49D1314790083692357 /* AppSettings.swift */,
				6014F6E3BFFA0FEA826D475F /* HistoryEntry.swift */,
				CE7E2BD93E4F1F90654BA3E7 /* KeynoteMetadata.swift */,
				91B38AC4D9349306424DE153 /* NavigationTab.swift */,
				17821C750B379235D1F37C5E /* PipelineResult.swift */,
				6E9CE1B85FB4D719BE7B0EC8 /* ProcessingStep.swift */,
				23F61A6BE61C1CDC6237ADF6 /* VercelProject.swift */,
				5D3403EAA4D97975ADF59927 /* VideoAnalysis.swift */,
				CBCFD1B404C9D887FD5FA7B0 /* VideoDeployRequest.swift */,
			);
			path = Models;
			sourceTree = "<group>";
		};
		8B1ECA0656CE3BA8B9E216CF /* Sources */ = {
			isa = PBXGroup;
			children = (
				EC7E6FAEC55BC08F00535E8C /* Info.plist */,
				27F54EA164F3AD6A14907287 /* KeynoteDeployer.entitlements */,
				F6CE63646D32F7965E61F662 /* App */,
				F86DB4CB5385252AA5F74EBF /* Config */,
				7105A5427370184AA6743664 /* Models */,
				A0DC1E512498B9D6051EE54E /* Resources */,
				01C679620FE08A5704268729 /* Services */,
				403E53FCE746D53A87F8756C /* Views */,
			);
			path = Sources;
			sourceTree = "<group>";
		};
		94CAE77E1E83C3297FBB1B45 /* Fixtures */ = {
			isa = PBXGroup;
			children = (
				0A7E4D56A5BFA32DA7B9285F /* video-viewer-golden-plain.html */,
				61E0452AB31EE55316A70A2D /* video-viewer-golden-secure.html */,
			);
			path = Fixtures;
			sourceTree = "<group>";
		};
		A0DC1E512498B9D6051EE54E /* Resources */ = {
			isa = PBXGroup;
			children = (
				537673A9D5C3A3390918F7BE /* .gitkeep */,
				C19D38B1FAB3FA0489A430C4 /* AppIcon.icns */,
				0C46C9CD46B3D1C3098570B6 /* video-viewer-template.html */,
			);
			path = Resources;
			sourceTree = "<group>";
		};
		CCCD953E78791DE72243A9A3 /* Tests */ = {
			isa = PBXGroup;
			children = (
				3DF19AE8FCC6FD1C9ADE5B8A /* AVFoundationVideoEncoderTests.swift */,
				21BB4E825DF33B80AB6A0E9C /* FFmpegVideoEncoderTests.swift */,
				403D899438A463CD2A362774 /* GridSamplerTests.swift */,
				AA065551FEEAB39DDEAC9B60 /* ModelsAndProjectTests.swift */,
				E0A6C88075BDCE7E6E5AF0C9 /* StillsMatchTests.swift */,
				15E1F837FA970373C0F1ADFF /* VideoDeployerTests.swift */,
				A7EFC78B0837DBADF0D2430A /* VideoDeployViewTests.swift */,
				235D9E8F90EF404DE587C849 /* VideoTimestampDeriverTests.swift */,
				B13D91BAAE5426D7EB676719 /* VideoViewerGeneratorTests.swift */,
				94CAE77E1E83C3297FBB1B45 /* Fixtures */,
			);
			path = Tests;
			sourceTree = "<group>";
		};
		EA6B479AEF3F76F8ADAFE87C = {
			isa = PBXGroup;
			children = (
				8B1ECA0656CE3BA8B9E216CF /* Sources */,
				FB90BF407FB75D72CA26EA82 /* swift-app */,
				CCCD953E78791DE72243A9A3 /* Tests */,
				043224CFEB6D8A5788700196 /* Products */,
			);
			sourceTree = "<group>";
		};
		F6CE63646D32F7965E61F662 /* App */ = {
			isa = PBXGroup;
			children = (
				F4F9F98F1120CAF61D82D80B /* KeynoteDeployerApp.swift */,
			);
			path = App;
			sourceTree = "<group>";
		};
		F86DB4CB5385252AA5F74EBF /* Config */ = {
			isa = PBXGroup;
			children = (
				390DDF13A88F1C59BE62D165 /* AppConfig.swift */,
			);
			path = Config;
			sourceTree = "<group>";
		};
		FB90BF407FB75D72CA26EA82 /* swift-app */ = {
			isa = PBXGroup;
			children = (
				66C0C927B53D57B936E42EA7 /* Sparkle.xcconfig */,
			);
			name = "swift-app";
			path = .;
			sourceTree = "<group>";
		};
/* End PBXGroup section */

/* Begin PBXNativeTarget section */
		59AC3FB670361064A41E7728 /* KeynoteDeployer */ = {
			isa = PBXNativeTarget;
			buildConfigurationList = 2FAD024BC12DC30440F1747A /* Build configuration list for PBXNativeTarget "KeynoteDeployer" */;
			buildPhases = (
				A235079C29649013D0782B86 /* Sources */,
				E066FE53151E7CFCE7565DC8 /* Resources */,
				711AF864EE7C11D78482A579 /* Frameworks */,
			);
			buildRules = (
			);
			dependencies = (
			);
			name = KeynoteDeployer;
			packageProductDependencies = (
				DF36B5B1F47AEAEE2E972A00 /* Sparkle */,
			);
			productName = KeynoteDeployer;
			productReference = 643B10849DA333A7037B54A5 /* KeynoteDeployer.app */;
			productType = "com.apple.product-type.application";
		};
		A78BC32A0439E59977E3C5CA /* KeynoteDeployerTests */ = {
			isa = PBXNativeTarget;
			buildConfigurationList = E67E2BCC4174195367F2867C /* Build configuration list for PBXNativeTarget "KeynoteDeployerTests" */;
			buildPhases = (
				205D47036125B10D5F90336F /* Sources */,
				A3AA064962233BC5149B3C33 /* Resources */,
			);
			buildRules = (
			);
			dependencies = (
				DAE15B7F1B37EF80BE04095E /* PBXTargetDependency */,
			);
			name = KeynoteDeployerTests;
			packageProductDependencies = (
			);
			productName = KeynoteDeployerTests;
			productReference = 8BEDC9A62B61A688BFF547EE /* KeynoteDeployerTests.xctest */;
			productType = "com.apple.product-type.bundle.unit-test";
		};
/* End PBXNativeTarget section */

/* Begin PBXProject section */
		A3297633A2712EDC20C0EB84 /* Project object */ = {
			isa = PBXProject;
			attributes = {
				BuildIndependentTargetsInParallel = YES;
				LastUpgradeCheck = 2630;
				TargetAttributes = {
					59AC3FB670361064A41E7728 = {
						DevelopmentTeam = 8RHA62T6FQ;
					};
					A78BC32A0439E59977E3C5CA = {
						DevelopmentTeam = 8RHA62T6FQ;
						ProvisioningStyle = Automatic;
					};
				};
			};
			buildConfigurationList = F470A6C7D8ED86C492B1A983 /* Build configuration list for PBXProject "KeynoteDeployer" */;
			developmentRegion = en;
			hasScannedForEncodings = 0;
			knownRegions = (
				Base,
				en,
			);
			mainGroup = EA6B479AEF3F76F8ADAFE87C;
			minimizedProjectReferenceProxies = 1;
			packageReferences = (
				21441DC6C726A6991BD32CFB /* XCRemoteSwiftPackageReference "Sparkle" */,
			);
			preferredProjectObjectVersion = 77;
			productRefGroup = 043224CFEB6D8A5788700196 /* Products */;
			projectDirPath = "";
			projectRoot = "";
			targets = (
				59AC3FB670361064A41E7728 /* KeynoteDeployer */,
				A78BC32A0439E59977E3C5CA /* KeynoteDeployerTests */,
			);
		};
/* End PBXProject section */

/* Begin PBXResourcesBuildPhase section */
		A3AA064962233BC5149B3C33 /* Resources */ = {
			isa = PBXResourcesBuildPhase;
			buildActionMask = 2147483647;
			files = (
				22CAA3C6B137E1DD00364127 /* video-viewer-golden-plain.html in Resources */,
				A7B6DA5811520FD9E09E749F /* video-viewer-golden-secure.html in Resources */,
			);
			runOnlyForDeploymentPostprocessing = 0;
		};
		E066FE53151E7CFCE7565DC8 /* Resources */ = {
			isa = PBXResourcesBuildPhase;
			buildActionMask = 2147483647;
			files = (
				65D822F5BE3D7DF0C86BB4F4 /* AppIcon.icns in Resources */,
				77788CDBF10422EED9C391D2 /* video-viewer-template.html in Resources */,
			);
			runOnlyForDeploymentPostprocessing = 0;
		};
/* End PBXResourcesBuildPhase section */

/* Begin PBXSourcesBuildPhase section */
		205D47036125B10D5F90336F /* Sources */ = {
			isa = PBXSourcesBuildPhase;
			buildActionMask = 2147483647;
			files = (
				FED0CB7E95A656D351958D95 /* AVFoundationVideoEncoderTests.swift in Sources */,
				6CA11C44E5D0640DB47D2A83 /* FFmpegVideoEncoderTests.swift in Sources */,
				A14416E992CD0B244FFA16A1 /* GridSamplerTests.swift in Sources */,
				419F05D5433E94752E999ED6 /* ModelsAndProjectTests.swift in Sources */,
				4B289C6795B7E64A9625F96D /* StillsMatchTests.swift in Sources */,
				7BD50ED283C19763BC2C818B /* VideoDeployViewTests.swift in Sources */,
				F8F76506BDA7C609399C3F77 /* VideoDeployerTests.swift in Sources */,
				CE796BD76C505B8CFE155F1A /* VideoTimestampDeriverTests.swift in Sources */,
				CF38C9DBAC8AFF2AF62781ED /* VideoViewerGeneratorTests.swift in Sources */,
			);
			runOnlyForDeploymentPostprocessing = 0;
		};
		A235079C29649013D0782B86 /* Sources */ = {
			isa = PBXSourcesBuildPhase;
			buildActionMask = 2147483647;
			files = (
				0BB5C5D74FBE3BFEFA08A12F /* AVFoundationVideoEncoder.swift in Sources */,
				EA8F1C902A8D2AD7D8A93A30 /* AppConfig.swift in Sources */,
				483D3CC267D95282088F9309 /* AppSettings.swift in Sources */,
				84C92D6C1E3FBCD22171220F /* ContentView.swift in Sources */,
				9467E10D5FA4765BE26819DF /* DeployProgressView.swift in Sources */,
				84AF2E114BF9B992367626D4 /* DeployView.swift in Sources */,
				68FCF5155F11F63CBB34761F /* DeploymentVerifier.swift in Sources */,
				C6F91B76D51C9A06A0354265 /* FFmpegVideoEncoder.swift in Sources */,
				70CBE64B6030B4BAC00B9F32 /* FileOperations.swift in Sources */,
				C1320156DDC609C7483B1F6A /* GridSampler.swift in Sources */,
				32E92AFC106BE6E110B3B5BA /* HistoryEntry.swift in Sources */,
				C4E54C86FF711C684113EACE /* HistoryView.swift in Sources */,
				2D5BD33951D0A7FF662C0A3F /* IndexHtmlGenerator.swift in Sources */,
				34B729A68FBC01A63C15F608 /* KeynoteDeployerApp.swift in Sources */,
				BE71A16FFD585CD12AD762B1 /* KeynoteMetadata.swift in Sources */,
				F83478250D2F6D1FD03CE852 /* KeynoteProcessor.swift in Sources */,
				53C52E6F5AC05C366512AD08 /* NavigationTab.swift in Sources */,
				4B8F2669D064C5BD83CA4387 /* PipelineResult.swift in Sources */,
				7EE6E590CE33B1217355E8BE /* ProcessingStep.swift in Sources */,
				15125B060EAC0C268F273761 /* ProjectsView.swift in Sources */,
				54EA0EA3D9BD76F228023924 /* SettingsView.swift in Sources */,
				13F48A1926D584294516EEE0 /* SidebarView.swift in Sources */,
				07A8FA865923A9F4F325A61A /* StillsMatch.swift in Sources */,
				7DAEEC6461E2EA43B6189CBE /* UpdaterService.swift in Sources */,
				A230A93A825F8EF3B09C1AE8 /* VercelAPI.swift in Sources */,
				492021F2C6BA53DA82ADF360 /* VercelDeployer.swift in Sources */,
				46171C654C9CF229C03D7615 /* VercelProject.swift in Sources */,
				8D642D0B7DE7423F33970CAC /* VideoAnalysis.swift in Sources */,
				D11E662E9329C958E5FD05BE /* VideoDeployRequest.swift in Sources */,
				14D97A0EC991F473EF8342A1 /* VideoDeployView.swift in Sources */,
				0279F1846492EE33EF6B5DF6 /* VideoDeployer.swift in Sources */,
				0F265C03C5A0D733EB35550F /* VideoEncoding.swift in Sources */,
				15701A796DD5D2245EB5BC02 /* VideoPoster.swift in Sources */,
				1EA6EDF68274954358561E02 /* VideoTimestampDeriver.swift in Sources */,
				4A2E1C7FE7EE01DC8EB9F111 /* VideoViewerGenerator.swift in Sources */,
			);
			runOnlyForDeploymentPostprocessing = 0;
		};
/* End PBXSourcesBuildPhase section */

/* Begin PBXTargetDependency section */
		DAE15B7F1B37EF80BE04095E /* PBXTargetDependency */ = {
			isa = PBXTargetDependency;
			target = 59AC3FB670361064A41E7728 /* KeynoteDeployer */;
			targetProxy = DACA7CD42F5A8DA7BB4CE436 /* PBXContainerItemProxy */;
		};
/* End PBXTargetDependency section */

/* Begin XCBuildConfiguration section */
		AB3D181AAC80902D5D59A078 /* Debug */ = {
			isa = XCBuildConfiguration;
			baseConfigurationReference = 66C0C927B53D57B936E42EA7 /* Sparkle.xcconfig */;
			buildSettings = {
				ASSETCATALOG_COMPILER_APPICON_NAME = AppIcon;
				CODE_SIGNING_ALLOWED = YES;
				CODE_SIGNING_REQUIRED = YES;
				CODE_SIGN_IDENTITY = "Apple Development";
				CODE_SIGN_STYLE = Automatic;
				COMBINE_HIDPI_IMAGES = YES;
				CURRENT_PROJECT_VERSION = 1.2.0;
				INFOPLIST_FILE = Sources/Info.plist;
				LD_RUNPATH_SEARCH_PATHS = "$(inherited) @executable_path/../Frameworks";
				MARKETING_VERSION = 1.2.0;
				PRODUCT_BUNDLE_IDENTIFIER = "com.imaginelabstudios.keynote-deployer";
				SDKROOT = macosx;
			};
			name = Debug;
		};
		AD478E6C4A14F5F4C94667FE /* Release */ = {
			isa = XCBuildConfiguration;
			buildSettings = {
				BUNDLE_LOADER = "$(TEST_HOST)";
				CODE_SIGN_STYLE = Automatic;
				COMBINE_HIDPI_IMAGES = YES;
				GENERATE_INFOPLIST_FILE = YES;
				LD_RUNPATH_SEARCH_PATHS = (
					"$(inherited)",
					"@executable_path/../Frameworks",
					"@loader_path/../Frameworks",
				);
				PRODUCT_BUNDLE_IDENTIFIER = "com.imaginelabstudios.keynote-deployer.tests";
				SDKROOT = macosx;
				TEST_HOST = "$(BUILT_PRODUCTS_DIR)/KeynoteDeployer.app/Contents/MacOS/KeynoteDeployer";
			};
			name = Release;
		};
		B6BFF0E358AED66A903055F5 /* Release */ = {
			isa = XCBuildConfiguration;
			buildSettings = {
				ALWAYS_SEARCH_USER_PATHS = NO;
				CLANG_ANALYZER_NONNULL = YES;
				CLANG_ANALYZER_NUMBER_OBJECT_CONVERSION = YES_AGGRESSIVE;
				CLANG_CXX_LANGUAGE_STANDARD = "gnu++14";
				CLANG_CXX_LIBRARY = "libc++";
				CLANG_ENABLE_MODULES = YES;
				CLANG_ENABLE_OBJC_ARC = YES;
				CLANG_ENABLE_OBJC_WEAK = YES;
				CLANG_WARN_BLOCK_CAPTURE_AUTORELEASING = YES;
				CLANG_WARN_BOOL_CONVERSION = YES;
				CLANG_WARN_COMMA = YES;
				CLANG_WARN_CONSTANT_CONVERSION = YES;
				CLANG_WARN_DEPRECATED_OBJC_IMPLEMENTATIONS = YES;
				CLANG_WARN_DIRECT_OBJC_ISA_USAGE = YES_ERROR;
				CLANG_WARN_DOCUMENTATION_COMMENTS = YES;
				CLANG_WARN_EMPTY_BODY = YES;
				CLANG_WARN_ENUM_CONVERSION = YES;
				CLANG_WARN_INFINITE_RECURSION = YES;
				CLANG_WARN_INT_CONVERSION = YES;
				CLANG_WARN_NON_LITERAL_NULL_CONVERSION = YES;
				CLANG_WARN_OBJC_IMPLICIT_RETAIN_SELF = YES;
				CLANG_WARN_OBJC_LITERAL_CONVERSION = YES;
				CLANG_WARN_OBJC_ROOT_CLASS = YES_ERROR;
				CLANG_WARN_QUOTED_INCLUDE_IN_FRAMEWORK_HEADER = YES;
				CLANG_WARN_RANGE_LOOP_ANALYSIS = YES;
				CLANG_WARN_STRICT_PROTOTYPES = YES;
				CLANG_WARN_SUSPICIOUS_MOVE = YES;
				CLANG_WARN_UNGUARDED_AVAILABILITY = YES_AGGRESSIVE;
				CLANG_WARN_UNREACHABLE_CODE = YES;
				CLANG_WARN__DUPLICATE_METHOD_MATCH = YES;
				COPY_PHASE_STRIP = NO;
				DEBUG_INFORMATION_FORMAT = "dwarf-with-dsym";
				DEVELOPMENT_TEAM = 8RHA62T6FQ;
				ENABLE_NS_ASSERTIONS = NO;
				ENABLE_STRICT_OBJC_MSGSEND = YES;
				GCC_C_LANGUAGE_STANDARD = gnu11;
				GCC_NO_COMMON_BLOCKS = YES;
				GCC_WARN_64_TO_32_BIT_CONVERSION = YES;
				GCC_WARN_ABOUT_RETURN_TYPE = YES_ERROR;
				GCC_WARN_UNDECLARED_SELECTOR = YES;
				GCC_WARN_UNINITIALIZED_AUTOS = YES_AGGRESSIVE;
				GCC_WARN_UNUSED_FUNCTION = YES;
				GCC_WARN_UNUSED_VARIABLE = YES;
				MACOSX_DEPLOYMENT_TARGET = 15.0;
				MTL_ENABLE_DEBUG_INFO = NO;
				MTL_FAST_MATH = YES;
				PRODUCT_NAME = "$(TARGET_NAME)";
				SDKROOT = macosx;
				SWIFT_COMPILATION_MODE = wholemodule;
				SWIFT_OPTIMIZATION_LEVEL = "-O";
				SWIFT_VERSION = 6.2;
			};
			name = Release;
		};
		BF086B592E6C07A57E937379 /* Release */ = {
			isa = XCBuildConfiguration;
			baseConfigurationReference = 66C0C927B53D57B936E42EA7 /* Sparkle.xcconfig */;
			buildSettings = {
				ASSETCATALOG_COMPILER_APPICON_NAME = AppIcon;
				CODE_SIGNING_ALLOWED = YES;
				CODE_SIGNING_REQUIRED = YES;
				CODE_SIGN_ENTITLEMENTS = Sources/KeynoteDeployer.entitlements;
				CODE_SIGN_IDENTITY = "Developer ID Application: Imaginelab Studios (8RHA62T6FQ)";
				CODE_SIGN_STYLE = Manual;
				COMBINE_HIDPI_IMAGES = YES;
				CURRENT_PROJECT_VERSION = 1.2.0;
				ENABLE_HARDENED_RUNTIME = YES;
				INFOPLIST_FILE = Sources/Info.plist;
				LD_RUNPATH_SEARCH_PATHS = "$(inherited) @executable_path/../Frameworks";
				MARKETING_VERSION = 1.2.0;
				PRODUCT_BUNDLE_IDENTIFIER = "com.imaginelabstudios.keynote-deployer";
				SDKROOT = macosx;
			};
			name = Release;
		};
		E906D443388B7A638491CDC6 /* Debug */ = {
			isa = XCBuildConfiguration;
			buildSettings = {
				ALWAYS_SEARCH_USER_PATHS = NO;
				CLANG_ANALYZER_NONNULL = YES;
				CLANG_ANALYZER_NUMBER_OBJECT_CONVERSION = YES_AGGRESSIVE;
				CLANG_CXX_LANGUAGE_STANDARD = "gnu++14";
				CLANG_CXX_LIBRARY = "libc++";
				CLANG_ENABLE_MODULES = YES;
				CLANG_ENABLE_OBJC_ARC = YES;
				CLANG_ENABLE_OBJC_WEAK = YES;
				CLANG_WARN_BLOCK_CAPTURE_AUTORELEASING = YES;
				CLANG_WARN_BOOL_CONVERSION = YES;
				CLANG_WARN_COMMA = YES;
				CLANG_WARN_CONSTANT_CONVERSION = YES;
				CLANG_WARN_DEPRECATED_OBJC_IMPLEMENTATIONS = YES;
				CLANG_WARN_DIRECT_OBJC_ISA_USAGE = YES_ERROR;
				CLANG_WARN_DOCUMENTATION_COMMENTS = YES;
				CLANG_WARN_EMPTY_BODY = YES;
				CLANG_WARN_ENUM_CONVERSION = YES;
				CLANG_WARN_INFINITE_RECURSION = YES;
				CLANG_WARN_INT_CONVERSION = YES;
				CLANG_WARN_NON_LITERAL_NULL_CONVERSION = YES;
				CLANG_WARN_OBJC_IMPLICIT_RETAIN_SELF = YES;
				CLANG_WARN_OBJC_LITERAL_CONVERSION = YES;
				CLANG_WARN_OBJC_ROOT_CLASS = YES_ERROR;
				CLANG_WARN_QUOTED_INCLUDE_IN_FRAMEWORK_HEADER = YES;
				CLANG_WARN_RANGE_LOOP_ANALYSIS = YES;
				CLANG_WARN_STRICT_PROTOTYPES = YES;
				CLANG_WARN_SUSPICIOUS_MOVE = YES;
				CLANG_WARN_UNGUARDED_AVAILABILITY = YES_AGGRESSIVE;
				CLANG_WARN_UNREACHABLE_CODE = YES;
				CLANG_WARN__DUPLICATE_METHOD_MATCH = YES;
				COPY_PHASE_STRIP = NO;
				DEBUG_INFORMATION_FORMAT = dwarf;
				DEVELOPMENT_TEAM = 8RHA62T6FQ;
				ENABLE_STRICT_OBJC_MSGSEND = YES;
				ENABLE_TESTABILITY = YES;
				GCC_C_LANGUAGE_STANDARD = gnu11;
				GCC_DYNAMIC_NO_PIC = NO;
				GCC_NO_COMMON_BLOCKS = YES;
				GCC_OPTIMIZATION_LEVEL = 0;
				GCC_PREPROCESSOR_DEFINITIONS = (
					"$(inherited)",
					"DEBUG=1",
				);
				GCC_WARN_64_TO_32_BIT_CONVERSION = YES;
				GCC_WARN_ABOUT_RETURN_TYPE = YES_ERROR;
				GCC_WARN_UNDECLARED_SELECTOR = YES;
				GCC_WARN_UNINITIALIZED_AUTOS = YES_AGGRESSIVE;
				GCC_WARN_UNUSED_FUNCTION = YES;
				GCC_WARN_UNUSED_VARIABLE = YES;
				MACOSX_DEPLOYMENT_TARGET = 15.0;
				MTL_ENABLE_DEBUG_INFO = INCLUDE_SOURCE;
				MTL_FAST_MATH = YES;
				ONLY_ACTIVE_ARCH = YES;
				PRODUCT_NAME = "$(TARGET_NAME)";
				SDKROOT = macosx;
				SWIFT_ACTIVE_COMPILATION_CONDITIONS = DEBUG;
				SWIFT_OPTIMIZATION_LEVEL = "-Onone";
				SWIFT_VERSION = 6.2;
			};
			name = Debug;
		};
		F5A8A24BA9B811FCCB8A6163 /* Debug */ = {
			isa = XCBuildConfiguration;
			buildSettings = {
				BUNDLE_LOADER = "$(TEST_HOST)";
				CODE_SIGN_STYLE = Automatic;
				COMBINE_HIDPI_IMAGES = YES;
				GENERATE_INFOPLIST_FILE = YES;
				LD_RUNPATH_SEARCH_PATHS = (
					"$(inherited)",
					"@executable_path/../Frameworks",
					"@loader_path/../Frameworks",
				);
				PRODUCT_BUNDLE_IDENTIFIER = "com.imaginelabstudios.keynote-deployer.tests";
				SDKROOT = macosx;
				TEST_HOST = "$(BUILT_PRODUCTS_DIR)/KeynoteDeployer.app/Contents/MacOS/KeynoteDeployer";
			};
			name = Debug;
		};
/* End XCBuildConfiguration section */

/* Begin XCConfigurationList section */
		2FAD024BC12DC30440F1747A /* Build configuration list for PBXNativeTarget "KeynoteDeployer" */ = {
			isa = XCConfigurationList;
			buildConfigurations = (
				AB3D181AAC80902D5D59A078 /* Debug */,
				BF086B592E6C07A57E937379 /* Release */,
			);
			defaultConfigurationIsVisible = 0;
			defaultConfigurationName = Debug;
		};
		E67E2BCC4174195367F2867C /* Build configuration list for PBXNativeTarget "KeynoteDeployerTests" */ = {
			isa = XCConfigurationList;
			buildConfigurations = (
				F5A8A24BA9B811FCCB8A6163 /* Debug */,
				AD478E6C4A14F5F4C94667FE /* Release */,
			);
			defaultConfigurationIsVisible = 0;
			defaultConfigurationName = Debug;
		};
		F470A6C7D8ED86C492B1A983 /* Build configuration list for PBXProject "KeynoteDeployer" */ = {
			isa = XCConfigurationList;
			buildConfigurations = (
				E906D443388B7A638491CDC6 /* Debug */,
				B6BFF0E358AED66A903055F5 /* Release */,
			);
			defaultConfigurationIsVisible = 0;
			defaultConfigurationName = Debug;
		};
/* End XCConfigurationList section */

/* Begin XCRemoteSwiftPackageReference section */
		21441DC6C726A6991BD32CFB /* XCRemoteSwiftPackageReference "Sparkle" */ = {
			isa = XCRemoteSwiftPackageReference;
			repositoryURL = "https://github.com/sparkle-project/Sparkle";
			requirement = {
				kind = upToNextMajorVersion;
				minimumVersion = 2.7.0;
			};
		};
/* End XCRemoteSwiftPackageReference section */

/* Begin XCSwiftPackageProductDependency section */
		DF36B5B1F47AEAEE2E972A00 /* Sparkle */ = {
			isa = XCSwiftPackageProductDependency;
			package = 21441DC6C726A6991BD32CFB /* XCRemoteSwiftPackageReference "Sparkle" */;
			productName = Sparkle;
		};
/* End XCSwiftPackageProductDependency section */
	};
	rootObject = A3297633A2712EDC20C0EB84 /* Project object */;
}
